
Microsoft Visual Studio Solution File, Format Version 12.00
# Visual Studio Version 17
VisualStudioVersion = 17.4.33122.133
MinimumVisualStudioVersion = 10.0.40219.1
Project("{FAE04EC0-301F-11D3-BF4B-00C04F79EFBC}") = "Keyboard", "Keyboard\Keyboard.csproj", "{046DFC81-338E-4750-A2BA-2E5BEAA410B0}"
EndProject
Global
	GlobalSection(SolutionConfigurationPlatforms) = preSolution
		Debug|Any CPU = Debug|Any CPU
		Release|Any CPU = Release|Any CPU
	EndGlobalSection
	GlobalSection(ProjectConfigurationPlatforms) = postSolution
		{046DFC81-338E-4750-A2BA-2E5BEAA410B0}.Debug|Any CPU.ActiveCfg = Debug|Any CPU
		{046DFC81-338E-4750-A2BA-2E5BEAA410B0}.Debug|Any CPU.Build.0 = Debug|Any CPU
		{046DFC81-338E-4750-A2BA-2E5BEAA410B0}.Release|Any CPU.ActiveCfg = Release|Any CPU
		{046DFC81-338E-4750-A2BA-2E5BEAA410B0}.Release|Any CPU.Build.0 = Release|Any CPU
	EndGlobalSection
	GlobalSection(SolutionProperties) = preSolution
		HideSolutionNode = FALSE
	EndGlobalSection
	GlobalSection(ExtensibilityGlobals) = postSolution
		SolutionGuid = {BC30F2BE-C1A7-4C0F-BEDC-32FAAB8387B1}
	EndGlobalSection
EndGlobal
